
Microsoft Visual Studio Solution File, Format Version 12.00
# Visual Studio Version 16
VisualStudioVersion = 16.0.29806.167
MinimumVisualStudioVersion = 10.0.40219.1
Project("{FAE04EC0-301F-11D3-BF4B-00C04F79EFBC}") = "Integrate", "Integrate.csproj", "{423D28FF-D321-4455-9B8D-04DDE25246FC}"
EndProject
Global
	GlobalSection(SolutionConfigurationPlatforms) = preSolution
		Debug|Any CPU = Debug|Any CPU
		Release|Any CPU = Release|Any CPU
	EndGlobalSection
	GlobalSection(ProjectConfigurationPlatforms) = postSolution
		{423D28FF-D321-4455-9B8D-04DDE25246FC}.Debug|Any CPU.ActiveCfg = Debug|Any CPU
		{423D28FF-D321-4455-9B8D-04DDE25246FC}.Debug|Any CPU.Build.0 = Debug|Any CPU
		{423D28FF-D321-4455-9B8D-04DDE25246FC}.Release|Any CPU.ActiveCfg = Release|Any CPU
		{423D28FF-D321-4455-9B8D-04DDE25246FC}.Release|Any CPU.Build.0 = Release|Any CPU
	EndGlobalSection
	GlobalSection(SolutionProperties) = preSolution
		HideSolutionNode = FALSE
	EndGlobalSection
	GlobalSection(ExtensibilityGlobals) = postSolution
		SolutionGuid = {05B0E72F-92AC-4350-A9E7-3340AB414CE9}
	EndGlobalSection
EndGlobal
